<?xml version="1.0" encoding="utf-8"?>
<Project ToolsVersion="4.0" xmlns="http://schemas.microsoft.com/developer/msbuild/2003">
  <ItemGroup>
    <Filter Include="Header Files">
      <UniqueIdentifier>{625d25f5-e9fa-48dc-bab9-fc92bd34d0b7}</UniqueIdentifier>
    </Filter>
    <Filter Include="Source Files">
      <UniqueIdentifier>{b59270a8-d419-4637-b24e-b5ddd15f585d}</UniqueIdentifier>
    </Filter>
    <Filter Include="Shaders">
      <UniqueIdentifier>{05574068-1c84-4ed3-8a8d-346f663eee8c}</UniqueIdentifier>
    </Filter>
  </ItemGroup>
  <ItemGroup>
    <None Include="..\Shaders\RayCaster.frag">
      <Filter>Shaders</Filter>
    </None>
    <None Include="..\Shaders\RayCaster.vert">
      <Filter>Shaders</Filter>
    </None>
    <None Include="..\Shaders\RayPosition.frag">
      <Filter>Shaders</Filter>
    </None>
  </ItemGroup>
  <ItemGroup>
    <ClInclude Include="RayCastRenderer.h">
      <Filter>Header Files</Filter>
    </ClInclude>
    <ClInclude Include="RayCasterShaderCodeTester.h">
      <Filter>Header Files</Filter>
    </ClInclude>
  </ItemGroup>
  <ItemGroup>
    <ClCompile Include="RayCastRenderer.cpp">
      <Filter>Source Files</Filter>
    </ClCompile>
    <ClCompile Include="RayCasterShaderCodeTester.cpp">
      <Filter>Source Files</Filter>
    </ClCompile>
  </ItemGroup>
</Project>