<?xml version="1.0" encoding="utf-8"?>
<Project ToolsVersion="4.0" xmlns="http://schemas.microsoft.com/developer/msbuild/2003">
  <ItemGroup>
    <Filter Include="Header Files">
      <UniqueIdentifier>{e267d9d5-ced7-4e59-8d58-e6dcf7d73b45}</UniqueIdentifier>
    </Filter>
    <Filter Include="Source Files">
      <UniqueIdentifier>{b165b1b8-1365-4d6a-bd9f-748c8fb5ebf3}</UniqueIdentifier>
    </Filter>
    <Filter Include="Shaders">
      <UniqueIdentifier>{52a9e0a2-e150-4d73-8a51-4115d2a552f4}</UniqueIdentifier>
    </Filter>
  </ItemGroup>
  <ItemGroup>
    <ClInclude Include="VolumeSlicer3DRenderer.h">
      <Filter>Header Files</Filter>
    </ClInclude>
  </ItemGroup>
  <ItemGroup>
    <ClCompile Include="VolumeSlicer3DRenderer.cpp">
      <Filter>Source Files</Filter>
    </ClCompile>
  </ItemGroup>
  <ItemGroup>
    <None Include="..\Shaders\VolumeSlicer3D.vert">
      <Filter>Shaders</Filter>
    </None>
    <None Include="..\Shaders\VolumeSlicer3D.frag">
      <Filter>Shaders</Filter>
    </None>
  </ItemGroup>
</Project>