
Microsoft Visual Studio Solution File, Format Version 11.00
# Visual Studio 2010
Project("{8BC9CEB8-8B4A-11D0-8D11-00A0C91BC942}") = "VoxVizViewer", "VoxVizViewer\VoxVizViewer.vcxproj", "{25A6DC31-7C57-4F81-8BA1-A3F2E30BD770}"
	ProjectSection(ProjectDependencies) = postProject
		{85F7C239-D609-4BC1-9A7E-1F98D5F285F4} = {85F7C239-D609-4BC1-9A7E-1F98D5F285F4}
		{1AED284A-F6D8-4663-BECF-FD0A547E32AD} = {1AED284A-F6D8-4663-BECF-FD0A547E32AD}
		{08C8A18D-CADB-4FE8-A220-0771F38DC024} = {08C8A18D-CADB-4FE8-A220-0771F38DC024}
		{46EAF292-0C0F-A443-A197-202564AE7EDD} = {46EAF292-0C0F-A443-A197-202564AE7EDD}
		{D57DF8A5-EA5E-4C89-806C-698ED3C16381} = {D57DF8A5-EA5E-4C89-806C-698ED3C16381}
		{7195E4B5-B25C-4278-A45B-9F5333698A78} = {7195E4B5-B25C-4278-A45B-9F5333698A78}
		{FBD326CA-3E9A-49D2-85B7-98CABE0F8603} = {FBD326CA-3E9A-49D2-85B7-98CABE0F8603}
	EndProjectSection
EndProject
Project("{8BC9CEB8-8B4A-11D0-8D11-00A0C91BC942}") = "VoxVizCore", "VoxVizCore\VoxVizCore.vcxproj", "{7195E4B5-B25C-4278-A45B-9F5333698A78}"
EndProject
Project("{8BC9CEB8-8B4A-11D0-8D11-00A0C91BC942}") = "MarchingCubes", "MarchingCubes\MarchingCubes.vcxproj", "{D57DF8A5-EA5E-4C89-806C-698ED3C16381}"
	ProjectSection(ProjectDependencies) = postProject
		{08C8A18D-CADB-4FE8-A220-0771F38DC024} = {08C8A18D-CADB-4FE8-A220-0771F38DC024}
		{7195E4B5-B25C-4278-A45B-9F5333698A78} = {7195E4B5-B25C-4278-A45B-9F5333698A78}
	EndProjectSection
EndProject
Project("{8BC9CEB8-8B4A-11D0-8D11-00A0C91BC942}") = "VoxVizOpenGL", "VoxVizOpenGL\VoxVizOpenGL.vcxproj", "{08C8A18D-CADB-4FE8-A220-0771F38DC024}"
	ProjectSection(ProjectDependencies) = postProject
		{46EAF292-0C0F-A443-A197-202564AE7EDD} = {46EAF292-0C0F-A443-A197-202564AE7EDD}
		{7195E4B5-B25C-4278-A45B-9F5333698A78} = {7195E4B5-B25C-4278-A45B-9F5333698A78}
	EndProjectSection
EndProject
Project("{8BC9CEB8-8B4A-11D0-8D11-00A0C91BC942}") = "VolumeSlicer3D", "VolumeSlicer3D\VolumeSlicer3D.vcxproj", "{FBD326CA-3E9A-49D2-85B7-98CABE0F8603}"
	ProjectSection(ProjectDependencies) = postProject
		{08C8A18D-CADB-4FE8-A220-0771F38DC024} = {08C8A18D-CADB-4FE8-A220-0771F38DC024}
		{7195E4B5-B25C-4278-A45B-9F5333698A78} = {7195E4B5-B25C-4278-A45B-9F5333698A78}
	EndProjectSection
EndProject
Project("{8BC9CEB8-8B4A-11D0-8D11-00A0C91BC942}") = "RayCaster", "RayCaster\RayCaster.vcxproj", "{85F7C239-D609-4BC1-9A7E-1F98D5F285F4}"
	ProjectSection(ProjectDependencies) = postProject
		{08C8A18D-CADB-4FE8-A220-0771F38DC024} = {08C8A18D-CADB-4FE8-A220-0771F38DC024}
		{7195E4B5-B25C-4278-A45B-9F5333698A78} = {7195E4B5-B25C-4278-A45B-9F5333698A78}
	EndProjectSection
EndProject
Project("{8BC9CEB8-8B4A-11D0-8D11-00A0C91BC942}") = "GigaVoxels", "GigaVoxels\GigaVoxels.vcxproj", "{1AED284A-F6D8-4663-BECF-FD0A547E32AD}"
	ProjectSection(ProjectDependencies) = postProject
		{08C8A18D-CADB-4FE8-A220-0771F38DC024} = {08C8A18D-CADB-4FE8-A220-0771F38DC024}
		{7195E4B5-B25C-4278-A45B-9F5333698A78} = {7195E4B5-B25C-4278-A45B-9F5333698A78}
	EndProjectSection
EndProject
Project("{8BC9CEB8-8B4A-11D0-8D11-00A0C91BC942}") = "NvUI", "extensions\build\vs2010win32\NvUI.vcxproj", "{46EAF292-0C0F-A443-A197-202564AE7EDD}"
EndProject
Project("{8BC9CEB8-8B4A-11D0-8D11-00A0C91BC942}") = "NvAssetLoader", "extensions\build\vs2010win32\NvAssetLoader.vcxproj", "{A7C3A023-917D-1CAC-1A59-80B7A1B2DB26}"
EndProject
Project("{8BC9CEB8-8B4A-11D0-8D11-00A0C91BC942}") = "NvGLUtils", "extensions\build\vs2010win32\NvGLUtils.vcxproj", "{5334160D-4AC0-4D66-D11D-630010BEB19A}"
EndProject
Global
	GlobalSection(SolutionConfigurationPlatforms) = preSolution
		Debug MX|Win32 = Debug MX|Win32
		Debug MX|x64 = Debug MX|x64
		Debug|Win32 = Debug|Win32
		Debug|x64 = Debug|x64
		Release MX|Win32 = Release MX|Win32
		Release MX|x64 = Release MX|x64
		Release|Win32 = Release|Win32
		Release|x64 = Release|x64
	EndGlobalSection
	GlobalSection(ProjectConfigurationPlatforms) = postSolution
		{25A6DC31-7C57-4F81-8BA1-A3F2E30BD770}.Debug MX|Win32.ActiveCfg = Debug|Win32
		{25A6DC31-7C57-4F81-8BA1-A3F2E30BD770}.Debug MX|Win32.Build.0 = Debug|Win32
		{25A6DC31-7C57-4F81-8BA1-A3F2E30BD770}.Debug MX|x64.ActiveCfg = Debug|Win32
		{25A6DC31-7C57-4F81-8BA1-A3F2E30BD770}.Debug|Win32.ActiveCfg = Debug|Win32
		{25A6DC31-7C57-4F81-8BA1-A3F2E30BD770}.Debug|Win32.Build.0 = Debug|Win32
		{25A6DC31-7C57-4F81-8BA1-A3F2E30BD770}.Debug|x64.ActiveCfg = Debug|x64
		{25A6DC31-7C57-4F81-8BA1-A3F2E30BD770}.Debug|x64.Build.0 = Debug|x64
		{25A6DC31-7C57-4F81-8BA1-A3F2E30BD770}.Release MX|Win32.ActiveCfg = Release|Win32
		{25A6DC31-7C57-4F81-8BA1-A3F2E30BD770}.Release MX|Win32.Build.0 = Release|Win32
		{25A6DC31-7C57-4F81-8BA1-A3F2E30BD770}.Release MX|x64.ActiveCfg = Release|Win32
		{25A6DC31-7C57-4F81-8BA1-A3F2E30BD770}.Release|Win32.ActiveCfg = Release|Win32
		{25A6DC31-7C57-4F81-8BA1-A3F2E30BD770}.Release|Win32.Build.0 = Release|Win32
		{25A6DC31-7C57-4F81-8BA1-A3F2E30BD770}.Release|x64.ActiveCfg = Release|Win32
		{7195E4B5-B25C-4278-A45B-9F5333698A78}.Debug MX|Win32.ActiveCfg = Debug|Win32
		{7195E4B5-B25C-4278-A45B-9F5333698A78}.Debug MX|Win32.Build.0 = Debug|Win32
		{7195E4B5-B25C-4278-A45B-9F5333698A78}.Debug MX|x64.ActiveCfg = Debug|Win32
		{7195E4B5-B25C-4278-A45B-9F5333698A78}.Debug|Win32.ActiveCfg = Debug|Win32
		{7195E4B5-B25C-4278-A45B-9F5333698A78}.Debug|Win32.Build.0 = Debug|Win32
		{7195E4B5-B25C-4278-A45B-9F5333698A78}.Debug|x64.ActiveCfg = Debug|x64
		{7195E4B5-B25C-4278-A45B-9F5333698A78}.Debug|x64.Build.0 = Debug|x64
		{7195E4B5-B25C-4278-A45B-9F5333698A78}.Release MX|Win32.ActiveCfg = Release|Win32
		{7195E4B5-B25C-4278-A45B-9F5333698A78}.Release MX|Win32.Build.0 = Release|Win32
		{7195E4B5-B25C-4278-A45B-9F5333698A78}.Release MX|x64.ActiveCfg = Release|Win32
		{7195E4B5-B25C-4278-A45B-9F5333698A78}.Release|Win32.ActiveCfg = Release|Win32
		{7195E4B5-B25C-4278-A45B-9F5333698A78}.Release|Win32.Build.0 = Release|Win32
		{7195E4B5-B25C-4278-A45B-9F5333698A78}.Release|x64.ActiveCfg = Release|Win32
		{D57DF8A5-EA5E-4C89-806C-698ED3C16381}.Debug MX|Win32.ActiveCfg = Debug|Win32
		{D57DF8A5-EA5E-4C89-806C-698ED3C16381}.Debug MX|Win32.Build.0 = Debug|Win32
		{D57DF8A5-EA5E-4C89-806C-698ED3C16381}.Debug MX|x64.ActiveCfg = Debug|Win32
		{D57DF8A5-EA5E-4C89-806C-698ED3C16381}.Debug|Win32.ActiveCfg = Debug|Win32
		{D57DF8A5-EA5E-4C89-806C-698ED3C16381}.Debug|Win32.Build.0 = Debug|Win32
		{D57DF8A5-EA5E-4C89-806C-698ED3C16381}.Debug|x64.ActiveCfg = Debug|x64
		{D57DF8A5-EA5E-4C89-806C-698ED3C16381}.Debug|x64.Build.0 = Debug|x64
		{D57DF8A5-EA5E-4C89-806C-698ED3C16381}.Release MX|Win32.ActiveCfg = Release|Win32
		{D57DF8A5-EA5E-4C89-806C-698ED3C16381}.Release MX|Win32.Build.0 = Release|Win32
		{D57DF8A5-EA5E-4C89-806C-698ED3C16381}.Release MX|x64.ActiveCfg = Release|Win32
		{D57DF8A5-EA5E-4C89-806C-698ED3C16381}.Release|Win32.ActiveCfg = Release|Win32
		{D57DF8A5-EA5E-4C89-806C-698ED3C16381}.Release|Win32.Build.0 = Release|Win32
		{D57DF8A5-EA5E-4C89-806C-698ED3C16381}.Release|x64.ActiveCfg = Release|Win32
		{08C8A18D-CADB-4FE8-A220-0771F38DC024}.Debug MX|Win32.ActiveCfg = Debug|Win32
		{08C8A18D-CADB-4FE8-A220-0771F38DC024}.Debug MX|Win32.Build.0 = Debug|Win32
		{08C8A18D-CADB-4FE8-A220-0771F38DC024}.Debug MX|x64.ActiveCfg = Debug|Win32
		{08C8A18D-CADB-4FE8-A220-0771F38DC024}.Debug|Win32.ActiveCfg = Debug|Win32
		{08C8A18D-CADB-4FE8-A220-0771F38DC024}.Debug|Win32.Build.0 = Debug|Win32
		{08C8A18D-CADB-4FE8-A220-0771F38DC024}.Debug|x64.ActiveCfg = Debug|x64
		{08C8A18D-CADB-4FE8-A220-0771F38DC024}.Debug|x64.Build.0 = Debug|x64
		{08C8A18D-CADB-4FE8-A220-0771F38DC024}.Release MX|Win32.ActiveCfg = Release|Win32
		{08C8A18D-CADB-4FE8-A220-0771F38DC024}.Release MX|Win32.Build.0 = Release|Win32
		{08C8A18D-CADB-4FE8-A220-0771F38DC024}.Release MX|x64.ActiveCfg = Release|Win32
		{08C8A18D-CADB-4FE8-A220-0771F38DC024}.Release|Win32.ActiveCfg = Release|Win32
		{08C8A18D-CADB-4FE8-A220-0771F38DC024}.Release|Win32.Build.0 = Release|Win32
		{08C8A18D-CADB-4FE8-A220-0771F38DC024}.Release|x64.ActiveCfg = Release|Win32
		{FBD326CA-3E9A-49D2-85B7-98CABE0F8603}.Debug MX|Win32.ActiveCfg = Debug|Win32
		{FBD326CA-3E9A-49D2-85B7-98CABE0F8603}.Debug MX|Win32.Build.0 = Debug|Win32
		{FBD326CA-3E9A-49D2-85B7-98CABE0F8603}.Debug MX|x64.ActiveCfg = Debug|Win32
		{FBD326CA-3E9A-49D2-85B7-98CABE0F8603}.Debug|Win32.ActiveCfg = Debug|Win32
		{FBD326CA-3E9A-49D2-85B7-98CABE0F8603}.Debug|Win32.Build.0 = Debug|Win32
		{FBD326CA-3E9A-49D2-85B7-98CABE0F8603}.Debug|x64.ActiveCfg = Debug|x64
		{FBD326CA-3E9A-49D2-85B7-98CABE0F8603}.Debug|x64.Build.0 = Debug|x64
		{FBD326CA-3E9A-49D2-85B7-98CABE0F8603}.Release MX|Win32.ActiveCfg = Release|Win32
		{FBD326CA-3E9A-49D2-85B7-98CABE0F8603}.Release MX|Win32.Build.0 = Release|Win32
		{FBD326CA-3E9A-49D2-85B7-98CABE0F8603}.Release MX|x64.ActiveCfg = Release|Win32
		{FBD326CA-3E9A-49D2-85B7-98CABE0F8603}.Release|Win32.ActiveCfg = Release|Win32
		{FBD326CA-3E9A-49D2-85B7-98CABE0F8603}.Release|Win32.Build.0 = Release|Win32
		{FBD326CA-3E9A-49D2-85B7-98CABE0F8603}.Release|x64.ActiveCfg = Release|Win32
		{85F7C239-D609-4BC1-9A7E-1F98D5F285F4}.Debug MX|Win32.ActiveCfg = Debug|Win32
		{85F7C239-D609-4BC1-9A7E-1F98D5F285F4}.Debug MX|Win32.Build.0 = Debug|Win32
		{85F7C239-D609-4BC1-9A7E-1F98D5F285F4}.Debug MX|x64.ActiveCfg = Debug|Win32
		{85F7C239-D609-4BC1-9A7E-1F98D5F285F4}.Debug|Win32.ActiveCfg = Debug|Win32
		{85F7C239-D609-4BC1-9A7E-1F98D5F285F4}.Debug|Win32.Build.0 = Debug|Win32
		{85F7C239-D609-4BC1-9A7E-1F98D5F285F4}.Debug|x64.ActiveCfg = Debug|x64
		{85F7C239-D609-4BC1-9A7E-1F98D5F285F4}.Debug|x64.Build.0 = Debug|x64
		{85F7C239-D609-4BC1-9A7E-1F98D5F285F4}.Release MX|Win32.ActiveCfg = Release|Win32
		{85F7C239-D609-4BC1-9A7E-1F98D5F285F4}.Release MX|Win32.Build.0 = Release|Win32
		{85F7C239-D609-4BC1-9A7E-1F98D5F285F4}.Release MX|x64.ActiveCfg = Release|Win32
		{85F7C239-D609-4BC1-9A7E-1F98D5F285F4}.Release|Win32.ActiveCfg = Release|Win32
		{85F7C239-D609-4BC1-9A7E-1F98D5F285F4}.Release|Win32.Build.0 = Release|Win32
		{85F7C239-D609-4BC1-9A7E-1F98D5F285F4}.Release|x64.ActiveCfg = Release|Win32
		{1AED284A-F6D8-4663-BECF-FD0A547E32AD}.Debug MX|Win32.ActiveCfg = Debug|Win32
		{1AED284A-F6D8-4663-BECF-FD0A547E32AD}.Debug MX|Win32.Build.0 = Debug|Win32
		{1AED284A-F6D8-4663-BECF-FD0A547E32AD}.Debug MX|x64.ActiveCfg = Debug|x64
		{1AED284A-F6D8-4663-BECF-FD0A547E32AD}.Debug MX|x64.Build.0 = Debug|x64
		{1AED284A-F6D8-4663-BECF-FD0A547E32AD}.Debug|Win32.ActiveCfg = Debug|Win32
		{1AED284A-F6D8-4663-BECF-FD0A547E32AD}.Debug|Win32.Build.0 = Debug|Win32
		{1AED284A-F6D8-4663-BECF-FD0A547E32AD}.Debug|x64.ActiveCfg = Debug|x64
		{1AED284A-F6D8-4663-BECF-FD0A547E32AD}.Debug|x64.Build.0 = Debug|x64
		{1AED284A-F6D8-4663-BECF-FD0A547E32AD}.Release MX|Win32.ActiveCfg = Release|Win32
		{1AED284A-F6D8-4663-BECF-FD0A547E32AD}.Release MX|Win32.Build.0 = Release|Win32
		{1AED284A-F6D8-4663-BECF-FD0A547E32AD}.Release MX|x64.ActiveCfg = Release|x64
		{1AED284A-F6D8-4663-BECF-FD0A547E32AD}.Release MX|x64.Build.0 = Release|x64
		{1AED284A-F6D8-4663-BECF-FD0A547E32AD}.Release|Win32.ActiveCfg = Release|Win32
		{1AED284A-F6D8-4663-BECF-FD0A547E32AD}.Release|Win32.Build.0 = Release|Win32
		{1AED284A-F6D8-4663-BECF-FD0A547E32AD}.Release|x64.ActiveCfg = Release|x64
		{1AED284A-F6D8-4663-BECF-FD0A547E32AD}.Release|x64.Build.0 = Release|x64
		{46EAF292-0C0F-A443-A197-202564AE7EDD}.Debug MX|Win32.ActiveCfg = debug|Win32
		{46EAF292-0C0F-A443-A197-202564AE7EDD}.Debug MX|Win32.Build.0 = debug|Win32
		{46EAF292-0C0F-A443-A197-202564AE7EDD}.Debug MX|x64.ActiveCfg = debug|Win32
		{46EAF292-0C0F-A443-A197-202564AE7EDD}.Debug|Win32.ActiveCfg = debug|Win32
		{46EAF292-0C0F-A443-A197-202564AE7EDD}.Debug|Win32.Build.0 = debug|Win32
		{46EAF292-0C0F-A443-A197-202564AE7EDD}.Debug|x64.ActiveCfg = debug|x64
		{46EAF292-0C0F-A443-A197-202564AE7EDD}.Debug|x64.Build.0 = debug|x64
		{46EAF292-0C0F-A443-A197-202564AE7EDD}.Release MX|Win32.ActiveCfg = release|Win32
		{46EAF292-0C0F-A443-A197-202564AE7EDD}.Release MX|Win32.Build.0 = release|Win32
		{46EAF292-0C0F-A443-A197-202564AE7EDD}.Release MX|x64.ActiveCfg = release|Win32
		{46EAF292-0C0F-A443-A197-202564AE7EDD}.Release|Win32.ActiveCfg = release|Win32
		{46EAF292-0C0F-A443-A197-202564AE7EDD}.Release|Win32.Build.0 = release|Win32
		{46EAF292-0C0F-A443-A197-202564AE7EDD}.Release|x64.ActiveCfg = release|Win32
		{A7C3A023-917D-1CAC-1A59-80B7A1B2DB26}.Debug MX|Win32.ActiveCfg = debug|Win32
		{A7C3A023-917D-1CAC-1A59-80B7A1B2DB26}.Debug MX|Win32.Build.0 = debug|Win32
		{A7C3A023-917D-1CAC-1A59-80B7A1B2DB26}.Debug MX|x64.ActiveCfg = debug|Win32
		{A7C3A023-917D-1CAC-1A59-80B7A1B2DB26}.Debug|Win32.ActiveCfg = debug|Win32
		{A7C3A023-917D-1CAC-1A59-80B7A1B2DB26}.Debug|Win32.Build.0 = debug|Win32
		{A7C3A023-917D-1CAC-1A59-80B7A1B2DB26}.Debug|x64.ActiveCfg = debug|x64
		{A7C3A023-917D-1CAC-1A59-80B7A1B2DB26}.Debug|x64.Build.0 = debug|x64
		{A7C3A023-917D-1CAC-1A59-80B7A1B2DB26}.Release MX|Win32.ActiveCfg = release|Win32
		{A7C3A023-917D-1CAC-1A59-80B7A1B2DB26}.Release MX|Win32.Build.0 = release|Win32
		{A7C3A023-917D-1CAC-1A59-80B7A1B2DB26}.Release MX|x64.ActiveCfg = release|Win32
		{A7C3A023-917D-1CAC-1A59-80B7A1B2DB26}.Release|Win32.ActiveCfg = release|Win32
		{A7C3A023-917D-1CAC-1A59-80B7A1B2DB26}.Release|Win32.Build.0 = release|Win32
		{A7C3A023-917D-1CAC-1A59-80B7A1B2DB26}.Release|x64.ActiveCfg = release|Win32
		{5334160D-4AC0-4D66-D11D-630010BEB19A}.Debug MX|Win32.ActiveCfg = debug|Win32
		{5334160D-4AC0-4D66-D11D-630010BEB19A}.Debug MX|Win32.Build.0 = debug|Win32
		{5334160D-4AC0-4D66-D11D-630010BEB19A}.Debug MX|x64.ActiveCfg = debug|Win32
		{5334160D-4AC0-4D66-D11D-630010BEB19A}.Debug|Win32.ActiveCfg = debug|Win32
		{5334160D-4AC0-4D66-D11D-630010BEB19A}.Debug|Win32.Build.0 = debug|Win32
		{5334160D-4AC0-4D66-D11D-630010BEB19A}.Debug|x64.ActiveCfg = debug|x64
		{5334160D-4AC0-4D66-D11D-630010BEB19A}.Debug|x64.Build.0 = debug|x64
		{5334160D-4AC0-4D66-D11D-630010BEB19A}.Release MX|Win32.ActiveCfg = release|Win32
		{5334160D-4AC0-4D66-D11D-630010BEB19A}.Release MX|Win32.Build.0 = release|Win32
		{5334160D-4AC0-4D66-D11D-630010BEB19A}.Release MX|x64.ActiveCfg = release|Win32
		{5334160D-4AC0-4D66-D11D-630010BEB19A}.Release|Win32.ActiveCfg = release|Win32
		{5334160D-4AC0-4D66-D11D-630010BEB19A}.Release|Win32.Build.0 = release|Win32
		{5334160D-4AC0-4D66-D11D-630010BEB19A}.Release|x64.ActiveCfg = release|Win32
	EndGlobalSection
	GlobalSection(SolutionProperties) = preSolution
		HideSolutionNode = FALSE
	EndGlobalSection
EndGlobal
